
Microsoft Visual Studio Solution File, Format Version 12.00
# Visual Studio Version 17
VisualStudioVersion = 17.9.34728.123
MinimumVisualStudioVersion = 10.0.40219.1
Project("{FAE04EC0-301F-11D3-BF4B-00C04F79EFBC}") = "fibonaccifila", "fibonaccifila\fibonaccifila.csproj", "{403F559A-DE5D-4A43-AFCF-2410059D845B}"
EndProject
Global
	GlobalSection(SolutionConfigurationPlatforms) = preSolution
		Debug|Any CPU = Debug|Any CPU
		Release|Any CPU = Release|Any CPU
	EndGlobalSection
	GlobalSection(ProjectConfigurationPlatforms) = postSolution
		{403F559A-DE5D-4A43-AFCF-2410059D845B}.Debug|Any CPU.ActiveCfg = Debug|Any CPU
		{403F559A-DE5D-4A43-AFCF-2410059D845B}.Debug|Any CPU.Build.0 = Debug|Any CPU
		{403F559A-DE5D-4A43-AFCF-2410059D845B}.Release|Any CPU.ActiveCfg = Release|Any CPU
		{403F559A-DE5D-4A43-AFCF-2410059D845B}.Release|Any CPU.Build.0 = Release|Any CPU
	EndGlobalSection
	GlobalSection(SolutionProperties) = preSolution
		HideSolutionNode = FALSE
	EndGlobalSection
	GlobalSection(ExtensibilityGlobals) = postSolution
		SolutionGuid = {D0BBB35C-6295-4B08-91E6-73A9616DB952}
	EndGlobalSection
EndGlobal
